# THIS IS AN AUTOGENERATED FILE. DO NOT EDIT THIS FILE DIRECTLY.
# yarn lockfile v1


plotly.js-dist@^2.22.0:
  version "2.22.0"
  resolved "https://registry.yarnpkg.com/plotly.js-dist/-/plotly.js-dist-2.22.0.tgz#523590d89622371839b4880e9804ee4680778618"
  integrity sha512-ldb7TzxN8lOqV61wA9P3X5PAcI4h7u2G1WK2cSw1RfcAbheLfFrGO8xMhb+jOoi2/tCGO5vqwHfECIekQ5CEcg==
